
Microsoft Visual Studio Solution File, Format Version 12.00
# Visual Studio Version 16
VisualStudioVersion = 16.0.29306.81
MinimumVisualStudioVersion = 10.0.40219.1
Project("{FAE04EC0-301F-11D3-BF4B-00C04F79EFBC}") = "TestsFormApp", "TestsFormApp\TestsFormApp.csproj", "{A4C99C1A-731F-4326-AE2D-91CCD1E0E837}"
EndProject
Global
	GlobalSection(SolutionConfigurationPlatforms) = preSolution
		Debug|Any CPU = Debug|Any CPU
		Release|Any CPU = Release|Any CPU
	EndGlobalSection
	GlobalSection(ProjectConfigurationPlatforms) = postSolution
		{A4C99C1A-731F-4326-AE2D-91CCD1E0E837}.Debug|Any CPU.ActiveCfg = Debug|Any CPU
		{A4C99C1A-731F-4326-AE2D-91CCD1E0E837}.Debug|Any CPU.Build.0 = Debug|Any CPU
		{A4C99C1A-731F-4326-AE2D-91CCD1E0E837}.Release|Any CPU.ActiveCfg = Release|Any CPU
		{A4C99C1A-731F-4326-AE2D-91CCD1E0E837}.Release|Any CPU.Build.0 = Release|Any CPU
	EndGlobalSection
	GlobalSection(SolutionProperties) = preSolution
		HideSolutionNode = FALSE
	EndGlobalSection
	GlobalSection(ExtensibilityGlobals) = postSolution
		SolutionGuid = {B4CA3D0F-13B3-42EF-8B64-BC920CC8B41D}
	EndGlobalSection
EndGlobal
